
Microsoft Visual Studio Solution File, Format Version 12.00
# Visual Studio Version 17
VisualStudioVersion = 17.8.34511.84
MinimumVisualStudioVersion = 10.0.40219.1
Project("{FAE04EC0-301F-11D3-BF4B-00C04F79EFBC}") = "Workaround", "Workaround\Workaround.csproj", "{6EA0EF91-23D1-474D-9D4B-BE82FF92A2A3}"
EndProject
Project("{FAE04EC0-301F-11D3-BF4B-00C04F79EFBC}") = "Entities", "Entities\Entities.csproj", "{5FB241F7-EFBC-46FE-8B04-7D90F787D63E}"
EndProject
Project("{FAE04EC0-301F-11D3-BF4B-00C04F79EFBC}") = "Business", "Business\Business.csproj", "{E4B6F376-4031-409E-8B8F-313C0700ACFD}"
EndProject
Global
	GlobalSection(SolutionConfigurationPlatforms) = preSolution
		Debug|Any CPU = Debug|Any CPU
		Release|Any CPU = Release|Any CPU
	EndGlobalSection
	GlobalSection(ProjectConfigurationPlatforms) = postSolution
		{6EA0EF91-23D1-474D-9D4B-BE82FF92A2A3}.Debug|Any CPU.ActiveCfg = Debug|Any CPU
		{6EA0EF91-23D1-474D-9D4B-BE82FF92A2A3}.Debug|Any CPU.Build.0 = Debug|Any CPU
		{6EA0EF91-23D1-474D-9D4B-BE82FF92A2A3}.Release|Any CPU.ActiveCfg = Release|Any CPU
		{6EA0EF91-23D1-474D-9D4B-BE82FF92A2A3}.Release|Any CPU.Build.0 = Release|Any CPU
		{5FB241F7-EFBC-46FE-8B04-7D90F787D63E}.Debug|Any CPU.ActiveCfg = Debug|Any CPU
		{5FB241F7-EFBC-46FE-8B04-7D90F787D63E}.Debug|Any CPU.Build.0 = Debug|Any CPU
		{5FB241F7-EFBC-46FE-8B04-7D90F787D63E}.Release|Any CPU.ActiveCfg = Release|Any CPU
		{5FB241F7-EFBC-46FE-8B04-7D90F787D63E}.Release|Any CPU.Build.0 = Release|Any CPU
		{E4B6F376-4031-409E-8B8F-313C0700ACFD}.Debug|Any CPU.ActiveCfg = Debug|Any CPU
		{E4B6F376-4031-409E-8B8F-313C0700ACFD}.Debug|Any CPU.Build.0 = Debug|Any CPU
		{E4B6F376-4031-409E-8B8F-313C0700ACFD}.Release|Any CPU.ActiveCfg = Release|Any CPU
		{E4B6F376-4031-409E-8B8F-313C0700ACFD}.Release|Any CPU.Build.0 = Release|Any CPU
	EndGlobalSection
	GlobalSection(SolutionProperties) = preSolution
		HideSolutionNode = FALSE
	EndGlobalSection
	GlobalSection(ExtensibilityGlobals) = postSolution
		SolutionGuid = {4BD40CDE-AD35-455C-9A36-B80C946E1583}
	EndGlobalSection
EndGlobal
